
Microsoft Visual Studio Solution File, Format Version 12.00
# Visual Studio Version 17
VisualStudioVersion = 17.12.35514.174 d17.12
MinimumVisualStudioVersion = 10.0.40219.1
Project("{FAE04EC0-301F-11D3-BF4B-00C04F79EFBC}") = "DLW.BFF.Template.BFF", "DLW.BFF.Template.BFF\DLW.BFF.Template.BFF.csproj", "{319CB542-EEC4-44A9-8EB6-205A7A1B7696}"
EndProject
Project("{54A90642-561A-4BB1-A94E-469ADEE60C69}") = "DLW.BFF.Template.Client", "DLW.BFF.Template.Client\DLW.BFF.Template.Client.esproj", "{8B8F0D66-DEF8-4B28-B388-5090700F513E}"
EndProject
Global
	GlobalSection(SolutionConfigurationPlatforms) = preSolution
		Debug|Any CPU = Debug|Any CPU
		Release|Any CPU = Release|Any CPU
	EndGlobalSection
	GlobalSection(ProjectConfigurationPlatforms) = postSolution
		{319CB542-EEC4-44A9-8EB6-205A7A1B7696}.Debug|Any CPU.ActiveCfg = Debug|Any CPU
		{319CB542-EEC4-44A9-8EB6-205A7A1B7696}.Debug|Any CPU.Build.0 = Debug|Any CPU
		{319CB542-EEC4-44A9-8EB6-205A7A1B7696}.Release|Any CPU.ActiveCfg = Release|Any CPU
		{319CB542-EEC4-44A9-8EB6-205A7A1B7696}.Release|Any CPU.Build.0 = Release|Any CPU
		{8B8F0D66-DEF8-4B28-B388-5090700F513E}.Debug|Any CPU.ActiveCfg = Debug|Any CPU
		{8B8F0D66-DEF8-4B28-B388-5090700F513E}.Debug|Any CPU.Build.0 = Debug|Any CPU
		{8B8F0D66-DEF8-4B28-B388-5090700F513E}.Debug|Any CPU.Deploy.0 = Debug|Any CPU
		{8B8F0D66-DEF8-4B28-B388-5090700F513E}.Release|Any CPU.ActiveCfg = Release|Any CPU
		{8B8F0D66-DEF8-4B28-B388-5090700F513E}.Release|Any CPU.Build.0 = Release|Any CPU
		{8B8F0D66-DEF8-4B28-B388-5090700F513E}.Release|Any CPU.Deploy.0 = Release|Any CPU
	EndGlobalSection
	GlobalSection(SolutionProperties) = preSolution
		HideSolutionNode = FALSE
	EndGlobalSection
EndGlobal
